
Microsoft Visual Studio Solution File, Format Version 12.00
# Visual Studio Version 17
VisualStudioVersion = 17.4.33110.190
MinimumVisualStudioVersion = 10.0.40219.1
Project("{FAE04EC0-301F-11D3-BF4B-00C04F79EFBC}") = "Coins_Activity", "Coins_Activity\Coins_Activity.csproj", "{376C31D3-2CC8-40DD-B274-4AC76F27BF47}"
EndProject
Global
	GlobalSection(SolutionConfigurationPlatforms) = preSolution
		Debug|Any CPU = Debug|Any CPU
		Release|Any CPU = Release|Any CPU
	EndGlobalSection
	GlobalSection(ProjectConfigurationPlatforms) = postSolution
		{376C31D3-2CC8-40DD-B274-4AC76F27BF47}.Debug|Any CPU.ActiveCfg = Debug|Any CPU
		{376C31D3-2CC8-40DD-B274-4AC76F27BF47}.Debug|Any CPU.Build.0 = Debug|Any CPU
		{376C31D3-2CC8-40DD-B274-4AC76F27BF47}.Release|Any CPU.ActiveCfg = Release|Any CPU
		{376C31D3-2CC8-40DD-B274-4AC76F27BF47}.Release|Any CPU.Build.0 = Release|Any CPU
	EndGlobalSection
	GlobalSection(SolutionProperties) = preSolution
		HideSolutionNode = FALSE
	EndGlobalSection
	GlobalSection(ExtensibilityGlobals) = postSolution
		SolutionGuid = {C499731A-631A-40FD-A571-EE88DC4E5D83}
	EndGlobalSection
EndGlobal
